
Microsoft Visual Studio Solution File, Format Version 12.00
# Visual Studio Version 17
VisualStudioVersion = 17.0.31903.59
MinimumVisualStudioVersion = 10.0.40219.1
Project("{2150E333-8FDC-42A3-9474-1A3956D46DE8}") = "src", "src", "{827E0CD3-B72D-47B6-A68D-7590B98EB39B}"
EndProject
Project("{FAE04EC0-301F-11D3-BF4B-00C04F79EFBC}") = "SportEquipmentStore.Web", "src\SportEquipmentStore.Web\SportEquipmentStore.Web.csproj", "{45192438-9985-4A60-8E59-72198676A4CD}"
EndProject
Project("{FAE04EC0-301F-11D3-BF4B-00C04F79EFBC}") = "SportEquipmentStore.Admin", "src\SportEquipmentStore.Admin\SportEquipmentStore.Admin.csproj", "{377183B3-5A63-4731-9A18-FEAEEC8C84BF}"
EndProject
Project("{FAE04EC0-301F-11D3-BF4B-00C04F79EFBC}") = "SportEquipmentStore.Core", "src\SportEquipmentStore.Core\SportEquipmentStore.Core.csproj", "{92A97FFA-EF09-407F-BC0C-BEDEEC3C73FB}"
EndProject
Project("{FAE04EC0-301F-11D3-BF4B-00C04F79EFBC}") = "SportEquipmentStore.Data", "src\SportEquipmentStore.Data\SportEquipmentStore.Data.csproj", "{A3C76AC7-475C-47DC-B235-93F18CFEE198}"
EndProject
Global
	GlobalSection(SolutionConfigurationPlatforms) = preSolution
		Debug|Any CPU = Debug|Any CPU
		Debug|x64 = Debug|x64
		Debug|x86 = Debug|x86
		Release|Any CPU = Release|Any CPU
		Release|x64 = Release|x64
		Release|x86 = Release|x86
	EndGlobalSection
	GlobalSection(ProjectConfigurationPlatforms) = postSolution
		{45192438-9985-4A60-8E59-72198676A4CD}.Debug|Any CPU.ActiveCfg = Debug|Any CPU
		{45192438-9985-4A60-8E59-72198676A4CD}.Debug|Any CPU.Build.0 = Debug|Any CPU
		{45192438-9985-4A60-8E59-72198676A4CD}.Debug|x64.ActiveCfg = Debug|Any CPU
		{45192438-9985-4A60-8E59-72198676A4CD}.Debug|x64.Build.0 = Debug|Any CPU
		{45192438-9985-4A60-8E59-72198676A4CD}.Debug|x86.ActiveCfg = Debug|Any CPU
		{45192438-9985-4A60-8E59-72198676A4CD}.Debug|x86.Build.0 = Debug|Any CPU
		{45192438-9985-4A60-8E59-72198676A4CD}.Release|Any CPU.ActiveCfg = Release|Any CPU
		{45192438-9985-4A60-8E59-72198676A4CD}.Release|Any CPU.Build.0 = Release|Any CPU
		{45192438-9985-4A60-8E59-72198676A4CD}.Release|x64.ActiveCfg = Release|Any CPU
		{45192438-9985-4A60-8E59-72198676A4CD}.Release|x64.Build.0 = Release|Any CPU
		{45192438-9985-4A60-8E59-72198676A4CD}.Release|x86.ActiveCfg = Release|Any CPU
		{45192438-9985-4A60-8E59-72198676A4CD}.Release|x86.Build.0 = Release|Any CPU
		{377183B3-5A63-4731-9A18-FEAEEC8C84BF}.Debug|Any CPU.ActiveCfg = Debug|Any CPU
		{377183B3-5A63-4731-9A18-FEAEEC8C84BF}.Debug|Any CPU.Build.0 = Debug|Any CPU
		{377183B3-5A63-4731-9A18-FEAEEC8C84BF}.Debug|x64.ActiveCfg = Debug|Any CPU
		{377183B3-5A63-4731-9A18-FEAEEC8C84BF}.Debug|x64.Build.0 = Debug|Any CPU
		{377183B3-5A63-4731-9A18-FEAEEC8C84BF}.Debug|x86.ActiveCfg = Debug|Any CPU
		{377183B3-5A63-4731-9A18-FEAEEC8C84BF}.Debug|x86.Build.0 = Debug|Any CPU
		{377183B3-5A63-4731-9A18-FEAEEC8C84BF}.Release|Any CPU.ActiveCfg = Release|Any CPU
		{377183B3-5A63-4731-9A18-FEAEEC8C84BF}.Release|Any CPU.Build.0 = Release|Any CPU
		{377183B3-5A63-4731-9A18-FEAEEC8C84BF}.Release|x64.ActiveCfg = Release|Any CPU
		{377183B3-5A63-4731-9A18-FEAEEC8C84BF}.Release|x64.Build.0 = Release|Any CPU
		{377183B3-5A63-4731-9A18-FEAEEC8C84BF}.Release|x86.ActiveCfg = Release|Any CPU
		{377183B3-5A63-4731-9A18-FEAEEC8C84BF}.Release|x86.Build.0 = Release|Any CPU
		{92A97FFA-EF09-407F-BC0C-BEDEEC3C73FB}.Debug|Any CPU.ActiveCfg = Debug|Any CPU
		{92A97FFA-EF09-407F-BC0C-BEDEEC3C73FB}.Debug|Any CPU.Build.0 = Debug|Any CPU
		{92A97FFA-EF09-407F-BC0C-BEDEEC3C73FB}.Debug|x64.ActiveCfg = Debug|Any CPU
		{92A97FFA-EF09-407F-BC0C-BEDEEC3C73FB}.Debug|x64.Build.0 = Debug|Any CPU
		{92A97FFA-EF09-407F-BC0C-BEDEEC3C73FB}.Debug|x86.ActiveCfg = Debug|Any CPU
		{92A97FFA-EF09-407F-BC0C-BEDEEC3C73FB}.Debug|x86.Build.0 = Debug|Any CPU
		{92A97FFA-EF09-407F-BC0C-BEDEEC3C73FB}.Release|Any CPU.ActiveCfg = Release|Any CPU
		{92A97FFA-EF09-407F-BC0C-BEDEEC3C73FB}.Release|Any CPU.Build.0 = Release|Any CPU
		{92A97FFA-EF09-407F-BC0C-BEDEEC3C73FB}.Release|x64.ActiveCfg = Release|Any CPU
		{92A97FFA-EF09-407F-BC0C-BEDEEC3C73FB}.Release|x64.Build.0 = Release|Any CPU
		{92A97FFA-EF09-407F-BC0C-BEDEEC3C73FB}.Release|x86.ActiveCfg = Release|Any CPU
		{92A97FFA-EF09-407F-BC0C-BEDEEC3C73FB}.Release|x86.Build.0 = Release|Any CPU
		{A3C76AC7-475C-47DC-B235-93F18CFEE198}.Debug|Any CPU.ActiveCfg = Debug|Any CPU
		{A3C76AC7-475C-47DC-B235-93F18CFEE198}.Debug|Any CPU.Build.0 = Debug|Any CPU
		{A3C76AC7-475C-47DC-B235-93F18CFEE198}.Debug|x64.ActiveCfg = Debug|Any CPU
		{A3C76AC7-475C-47DC-B235-93F18CFEE198}.Debug|x64.Build.0 = Debug|Any CPU
		{A3C76AC7-475C-47DC-B235-93F18CFEE198}.Debug|x86.ActiveCfg = Debug|Any CPU
		{A3C76AC7-475C-47DC-B235-93F18CFEE198}.Debug|x86.Build.0 = Debug|Any CPU
		{A3C76AC7-475C-47DC-B235-93F18CFEE198}.Release|Any CPU.ActiveCfg = Release|Any CPU
		{A3C76AC7-475C-47DC-B235-93F18CFEE198}.Release|Any CPU.Build.0 = Release|Any CPU
		{A3C76AC7-475C-47DC-B235-93F18CFEE198}.Release|x64.ActiveCfg = Release|Any CPU
		{A3C76AC7-475C-47DC-B235-93F18CFEE198}.Release|x64.Build.0 = Release|Any CPU
		{A3C76AC7-475C-47DC-B235-93F18CFEE198}.Release|x86.ActiveCfg = Release|Any CPU
		{A3C76AC7-475C-47DC-B235-93F18CFEE198}.Release|x86.Build.0 = Release|Any CPU
	EndGlobalSection
	GlobalSection(SolutionProperties) = preSolution
		HideSolutionNode = FALSE
	EndGlobalSection
	GlobalSection(NestedProjects) = preSolution
		{45192438-9985-4A60-8E59-72198676A4CD} = {827E0CD3-B72D-47B6-A68D-7590B98EB39B}
		{377183B3-5A63-4731-9A18-FEAEEC8C84BF} = {827E0CD3-B72D-47B6-A68D-7590B98EB39B}
		{92A97FFA-EF09-407F-BC0C-BEDEEC3C73FB} = {827E0CD3-B72D-47B6-A68D-7590B98EB39B}
		{A3C76AC7-475C-47DC-B235-93F18CFEE198} = {827E0CD3-B72D-47B6-A68D-7590B98EB39B}
	EndGlobalSection
EndGlobal
